// !$*UTF8*$!
{
	archiveVersion = 1;
	classes = {
	};
	objectVersion = 56;
	objects = {

/* Begin PBXBuildFile section */
		C5D3B1DE29D0F998000EED33 /* TooDooApp.swift in Sources */ = {isa = PBXBuildFile; fileRef = C5D3B1DD29D0F998000EED33 /* TooDooApp.swift */; };
		C5D3B1E229D0F99A000EED33 /* Assets.xcassets in Resources */ = {isa = PBXBuildFile; fileRef = C5D3B1E129D0F99A000EED33 /* Assets.xcassets */; };
		C5D3B1E529D0F99A000EED33 /* Preview Assets.xcassets in Resources */ = {isa = PBXBuildFile; fileRef = C5D3B1E429D0F99A000EED33 /* Preview Assets.xcassets */; };
		C5D3B1ED29D0FA2E000EED33 /* ListView.swift in Sources */ = {isa = PBXBuildFile; fileRef = C5D3B1EC29D0FA2E000EED33 /* ListView.swift */; };
		C5D3B1EF29D0FD0F000EED33 /* ListRowView.swift in Sources */ = {isa = PBXBuildFile; fileRef = C5D3B1EE29D0FD0F000EED33 /* ListRowView.swift */; };
		C5D3B1F129D101A9000EED33 /* AddView.swift in Sources */ = {isa = PBXBuildFile; fileRef = C5D3B1F029D101A9000EED33 /* AddView.swift */; };
		C5D3B1F429D10906000EED33 /* ItemModel.swift in Sources */ = {isa = PBXBuildFile; fileRef = C5D3B1F329D10906000EED33 /* ItemModel.swift */; };
		C5D3B1F729D25AC5000EED33 /* ListViewModel.swift in Sources */ = {isa = PBXBuildFile; fileRef = C5D3B1F629D25AC5000EED33 /* ListViewModel.swift */; };
/* End PBXBuildFile section */

/* Begin PBXFileReference section */
		C5D3B1DA29D0F998000EED33 /* TooDoo.app */ = {isa = PBXFileReference; explicitFileType = wrapper.application; includeInIndex = 0; path = TooDoo.app; sourceTree = BUILT_PRODUCTS_DIR; };
		C5D3B1DD29D0F998000EED33 /* TooDooApp.swift */ = {isa = PBXFileReference; lastKnownFileType = sourcecode.swift; path = TooDooApp.swift; sourceTree = "<group>"; };
		C5D3B1E129D0F99A000EED33 /* Assets.xcassets */ = {isa = PBXFileReference; lastKnownFileType = folder.assetcatalog; path = Assets.xcassets; sourceTree = "<group>"; };
		C5D3B1E429D0F99A000EED33 /* Preview Assets.xcassets */ = {isa = PBXFileReference; lastKnownFileType = folder.assetcatalog; path = "Preview Assets.xcassets"; sourceTree = "<group>"; };
		C5D3B1EC29D0FA2E000EED33 /* ListView.swift */ = {isa = PBXFileReference; lastKnownFileType = sourcecode.swift; path = ListView.swift; sourceTree = "<group>"; };
		C5D3B1EE29D0FD0F000EED33 /* ListRowView.swift */ = {isa = PBXFileReference; lastKnownFileType = sourcecode.swift; path = ListRowView.swift; sourceTree = "<group>"; };
		C5D3B1F029D101A9000EED33 /* AddView.swift */ = {isa = PBXFileReference; lastKnownFileType = sourcecode.swift; path = AddView.swift; sourceTree = "<group>"; };
		C5D3B1F329D10906000EED33 /* ItemModel.swift */ = {isa = PBXFileReference; lastKnownFileType = sourcecode.swift; path = ItemModel.swift; sourceTree = "<group>"; };
		C5D3B1F629D25AC5000EED33 /* ListViewModel.swift */ = {isa = PBXFileReference; lastKnownFileType = sourcecode.swift; path = ListViewModel.swift; sourceTree = "<group>"; };
/* End PBXFileReference section */

/* Begin PBXFrameworksBuildPhase section */
		C5D3B1D729D0F998000EED33 /* Frameworks */ = {
			isa = PBXFrameworksBuildPhase;
			buildActionMask = 2147483647;
			files = (
			);
			runOnlyForDeploymentPostprocessing = 0;
		};
/* End PBXFrameworksBuildPhase section */

/* Begin PBXGroup section */
		C5D3B1D129D0F998000EED33 = {
			isa = PBXGroup;
			children = (
				C5D3B1DC29D0F998000EED33 /* TooDoo */,
				C5D3B1DB29D0F998000EED33 /* Products */,
			);
			sourceTree = "<group>";
		};
		C5D3B1DB29D0F998000EED33 /* Products */ = {
			isa = PBXGroup;
			children = (
				C5D3B1DA29D0F998000EED33 /* TooDoo.app */,
			);
			name = Products;
			sourceTree = "<group>";
		};
		C5D3B1DC29D0F998000EED33 /* TooDoo */ = {
			isa = PBXGroup;
			children = (
				C5D3B1F529D25AAA000EED33 /* ViewModels */,
				C5D3B1F229D108FC000EED33 /* Models */,
				C5D3B1EB29D0FA0E000EED33 /* View */,
				C5D3B1DD29D0F998000EED33 /* TooDooApp.swift */,
				C5D3B1E129D0F99A000EED33 /* Assets.xcassets */,
				C5D3B1E329D0F99A000EED33 /* Preview Content */,
			);
			path = TooDoo;
			sourceTree = "<group>";
		};
		C5D3B1E329D0F99A000EED33 /* Preview Content */ = {
			isa = PBXGroup;
			children = (
				C5D3B1E429D0F99A000EED33 /* Preview Assets.xcassets */,
			);
			path = "Preview Content";
			sourceTree = "<group>";
		};
		C5D3B1EB29D0FA0E000EED33 /* View */ = {
			isa = PBXGroup;
			children = (
				C5D3B1EC29D0FA2E000EED33 /* ListView.swift */,
				C5D3B1F029D101A9000EED33 /* AddView.swift */,
				C5D3B1EE29D0FD0F000EED33 /* ListRowView.swift */,
			);
			path = View;
			sourceTree = "<group>";
		};
		C5D3B1F229D108FC000EED33 /* Models */ = {
			isa = PBXGroup;
			children = (
				C5D3B1F329D10906000EED33 /* ItemModel.swift */,
			);
			path = Models;
			sourceTree = "<group>";
		};
		C5D3B1F529D25AAA000EED33 /* ViewModels */ = {
			isa = PBXGroup;
			children = (
				C5D3B1F629D25AC5000EED33 /* ListViewModel.swift */,
			);
			path = ViewModels;
			sourceTree = "<group>";
		};
/* End PBXGroup section */

/* Begin PBXNativeTarget section */
		C5D3B1D929D0F998000EED33 /* TooDoo */ = {
			isa = PBXNativeTarget;
			buildConfigurationList = C5D3B1E829D0F99A000EED33 /* Build configuration list for PBXNativeTarget "TooDoo" */;
			buildPhases = (
				C5D3B1D629D0F998000EED33 /* Sources */,
				C5D3B1D729D0F998000EED33 /* Frameworks */,
				C5D3B1D829D0F998000EED33 /* Resources */,
			);
			buildRules = (
			);
			dependencies = (
			);
			name = TooDoo;
			productName = TooDoo;
			productReference = C5D3B1DA29D0F998000EED33 /* TooDoo.app */;
			productType = "com.apple.product-type.application";
		};
/* End PBXNativeTarget section */

/* Begin PBXProject section */
		C5D3B1D229D0F998000EED33 /* Project object */ = {
			isa = PBXProject;
			attributes = {
				BuildIndependentTargetsInParallel = 1;
				LastSwiftUpdateCheck = 1420;
				LastUpgradeCheck = 1420;
				TargetAttributes = {
					C5D3B1D929D0F998000EED33 = {
						CreatedOnToolsVersion = 14.2;
					};
				};
			};
			buildConfigurationList = C5D3B1D529D0F998000EED33 /* Build configuration list for PBXProject "TooDoo" */;
			compatibilityVersion = "Xcode 14.0";
			developmentRegion = en;
			hasScannedForEncodings = 0;
			knownRegions = (
				en,
				Base,
			);
			mainGroup = C5D3B1D129D0F998000EED33;
			productRefGroup = C5D3B1DB29D0F998000EED33 /* Products */;
			projectDirPath = "";
			projectRoot = "";
			targets = (
				C5D3B1D929D0F998000EED33 /* TooDoo */,
			);
		};
/* End PBXProject section */

/* Begin PBXResourcesBuildPhase section */
		C5D3B1D829D0F998000EED33 /* Resources */ = {
			isa = PBXResourcesBuildPhase;
			buildActionMask = 2147483647;
			files = (
				C5D3B1E529D0F99A000EED33 /* Preview Assets.xcassets in Resources */,
				C5D3B1E229D0F99A000EED33 /* Assets.xcassets in Resources */,
			);
			runOnlyForDeploymentPostprocessing = 0;
		};
/* End PBXResourcesBuildPhase section */

/* Begin PBXSourcesBuildPhase section */
		C5D3B1D629D0F998000EED33 /* Sources */ = {
			isa = PBXSourcesBuildPhase;
			buildActionMask = 2147483647;
			files = (
				C5D3B1F429D10906000EED33 /* ItemModel.swift in Sources */,
				C5D3B1F129D101A9000EED33 /* AddView.swift in Sources */,
				C5D3B1F729D25AC5000EED33 /* ListViewModel.swift in Sources */,
				C5D3B1DE29D0F998000EED33 /* TooDooApp.swift in Sources */,
				C5D3B1ED29D0FA2E000EED33 /* ListView.swift in Sources */,
				C5D3B1EF29D0FD0F000EED33 /* ListRowView.swift in Sources */,
			);
			runOnlyForDeploymentPostprocessing = 0;
		};
/* End PBXSourcesBuildPhase section */

/* Begin XCBuildConfiguration section */
		C5D3B1E629D0F99A000EED33 /* Debug */ = {
			isa = XCBuildConfiguration;
			buildSettings = {
				ALWAYS_SEARCH_USER_PATHS = NO;
				CLANG_ANALYZER_NONNULL = YES;
				CLANG_ANALYZER_NUMBER_OBJECT_CONVERSION = YES_AGGRESSIVE;
				CLANG_CXX_LANGUAGE_STANDARD = "gnu++20";
				CLANG_ENABLE_MODULES = YES;
				CLANG_ENABLE_OBJC_ARC = YES;
				CLANG_ENABLE_OBJC_WEAK = YES;
				CLANG_WARN_BLOCK_CAPTURE_AUTORELEASING = YES;
				CLANG_WARN_BOOL_CONVERSION = YES;
				CLANG_WARN_COMMA = YES;
				CLANG_WARN_CONSTANT_CONVERSION = YES;
				CLANG_WARN_DEPRECATED_OBJC_IMPLEMENTATIONS = YES;
				CLANG_WARN_DIRECT_OBJC_ISA_USAGE = YES_ERROR;
				CLANG_WARN_DOCUMENTATION_COMMENTS = YES;
				CLANG_WARN_EMPTY_BODY = YES;
				CLANG_WARN_ENUM_CONVERSION = YES;
				CLANG_WARN_INFINITE_RECURSION = YES;
				CLANG_WARN_INT_CONVERSION = YES;
				CLANG_WARN_NON_LITERAL_NULL_CONVERSION = YES;
				CLANG_WARN_OBJC_IMPLICIT_RETAIN_SELF = YES;
				CLANG_WARN_OBJC_LITERAL_CONVERSION = YES;
				CLANG_WARN_OBJC_ROOT_CLASS = YES_ERROR;
				CLANG_WARN_QUOTED_INCLUDE_IN_FRAMEWORK_HEADER = YES;
				CLANG_WARN_RANGE_LOOP_ANALYSIS = YES;
				CLANG_WARN_STRICT_PROTOTYPES = YES;
				CLANG_WARN_SUSPICIOUS_MOVE = YES;
				CLANG_WARN_UNGUARDED_AVAILABILITY = YES_AGGRESSIVE;
				CLANG_WARN_UNREACHABLE_CODE = YES;
				CLANG_WARN__DUPLICATE_METHOD_MATCH = YES;
				COPY_PHASE_STRIP = NO;
				DEBUG_INFORMATION_FORMAT = dwarf;
				ENABLE_STRICT_OBJC_MSGSEND = YES;
				ENABLE_TESTABILITY = YES;
				GCC_C_LANGUAGE_STANDARD = gnu11;
				GCC_DYNAMIC_NO_PIC = NO;
				GCC_NO_COMMON_BLOCKS = YES;
				GCC_OPTIMIZATION_LEVEL = 0;
				GCC_PREPROCESSOR_DEFINITIONS = (
					"DEBUG=1",
					"$(inherited)",
				);
				GCC_WARN_64_TO_32_BIT_CONVERSION = YES;
				GCC_WARN_ABOUT_RETURN_TYPE = YES_ERROR;
				GCC_WARN_UNDECLARED_SELECTOR = YES;
				GCC_WARN_UNINITIALIZED_AUTOS = YES_AGGRESSIVE;
				GCC_WARN_UNUSED_FUNCTION = YES;
				GCC_WARN_UNUSED_VARIABLE = YES;
				IPHONEOS_DEPLOYMENT_TARGET = 16.2;
				MTL_ENABLE_DEBUG_INFO = INCLUDE_SOURCE;
				MTL_FAST_MATH = YES;
				ONLY_ACTIVE_ARCH = YES;
				SDKROOT = iphoneos;
				SWIFT_ACTIVE_COMPILATION_CONDITIONS = DEBUG;
				SWIFT_OPTIMIZATION_LEVEL = "-Onone";
			};
			name = Debug;
		};
		C5D3B1E729D0F99A000EED33 /* Release */ = {
			isa = XCBuildConfiguration;
			buildSettings = {
				ALWAYS_SEARCH_USER_PATHS = NO;
				CLANG_ANALYZER_NONNULL = YES;
				CLANG_ANALYZER_NUMBER_OBJECT_CONVERSION = YES_AGGRESSIVE;
				CLANG_CXX_LANGUAGE_STANDARD = "gnu++20";
				CLANG_ENABLE_MODULES = YES;
				CLANG_ENABLE_OBJC_ARC = YES;
				CLANG_ENABLE_OBJC_WEAK = YES;
				CLANG_WARN_BLOCK_CAPTURE_AUTORELEASING = YES;
				CLANG_WARN_BOOL_CONVERSION = YES;
				CLANG_WARN_COMMA = YES;
				CLANG_WARN_CONSTANT_CONVERSION = YES;
				CLANG_WARN_DEPRECATED_OBJC_IMPLEMENTATIONS = YES;
				CLANG_WARN_DIRECT_OBJC_ISA_USAGE = YES_ERROR;
				CLANG_WARN_DOCUMENTATION_COMMENTS = YES;
				CLANG_WARN_EMPTY_BODY = YES;
				CLANG_WARN_ENUM_CONVERSION = YES;
				CLANG_WARN_INFINITE_RECURSION = YES;
				CLANG_WARN_INT_CONVERSION = YES;
				CLANG_WARN_NON_LITERAL_NULL_CONVERSION = YES;
				CLANG_WARN_OBJC_IMPLICIT_RETAIN_SELF = YES;
				CLANG_WARN_OBJC_LITERAL_CONVERSION = YES;
				CLANG_WARN_OBJC_ROOT_CLASS = YES_ERROR;
				CLANG_WARN_QUOTED_INCLUDE_IN_FRAMEWORK_HEADER = YES;
				CLANG_WARN_RANGE_LOOP_ANALYSIS = YES;
				CLANG_WARN_STRICT_PROTOTYPES = YES;
				CLANG_WARN_SUSPICIOUS_MOVE = YES;
				CLANG_WARN_UNGUARDED_AVAILABILITY = YES_AGGRESSIVE;
				CLANG_WARN_UNREACHABLE_CODE = YES;
				CLANG_WARN__DUPLICATE_METHOD_MATCH = YES;
				COPY_PHASE_STRIP = NO;
				DEBUG_INFORMATION_FORMAT = "dwarf-with-dsym";
				ENABLE_NS_ASSERTIONS = NO;
				ENABLE_STRICT_OBJC_MSGSEND = YES;
				GCC_C_LANGUAGE_STANDARD = gnu11;
				GCC_NO_COMMON_BLOCKS = YES;
				GCC_WARN_64_TO_32_BIT_CONVERSION = YES;
				GCC_WARN_ABOUT_RETURN_TYPE = YES_ERROR;
				GCC_WARN_UNDECLARED_SELECTOR = YES;
				GCC_WARN_UNINITIALIZED_AUTOS = YES_AGGRESSIVE;
				GCC_WARN_UNUSED_FUNCTION = YES;
				GCC_WARN_UNUSED_VARIABLE = YES;
				IPHONEOS_DEPLOYMENT_TARGET = 16.2;
				MTL_ENABLE_DEBUG_INFO = NO;
				MTL_FAST_MATH = YES;
				SDKROOT = iphoneos;
				SWIFT_COMPILATION_MODE = wholemodule;
				SWIFT_OPTIMIZATION_LEVEL = "-O";
				VALIDATE_PRODUCT = YES;
			};
			name = Release;
		};
		C5D3B1E929D0F99A000EED33 /* Debug */ = {
			isa = XCBuildConfiguration;
			buildSettings = {
				ASSETCATALOG_COMPILER_APPICON_NAME = AppIcon;
				ASSETCATALOG_COMPILER_GLOBAL_ACCENT_COLOR_NAME = AccentColor;
				CODE_SIGN_STYLE = Automatic;
				CURRENT_PROJECT_VERSION = 1;
				DEVELOPMENT_ASSET_PATHS = "\"TooDoo/Preview Content\"";
				ENABLE_PREVIEWS = YES;
				GENERATE_INFOPLIST_FILE = YES;
				INFOPLIST_KEY_UIApplicationSceneManifest_Generation = YES;
				INFOPLIST_KEY_UIApplicationSupportsIndirectInputEvents = YES;
				INFOPLIST_KEY_UILaunchScreen_Generation = YES;
				INFOPLIST_KEY_UISupportedInterfaceOrientations_iPad = "UIInterfaceOrientationPortrait UIInterfaceOrientationPortraitUpsideDown UIInterfaceOrientationLandscapeLeft UIInterfaceOrientationLandscapeRight";
				INFOPLIST_KEY_UISupportedInterfaceOrientations_iPhone = "UIInterfaceOrientationPortrait UIInterfaceOrientationLandscapeLeft UIInterfaceOrientationLandscapeRight";
				LD_RUNPATH_SEARCH_PATHS = (
					"$(inherited)",
					"@executable_path/Frameworks",
				);
				MARKETING_VERSION = 1.0;
				PRODUCT_BUNDLE_IDENTIFIER = "gbc.comp3097.David-Pinto.TooDoo";
				PRODUCT_NAME = "$(TARGET_NAME)";
				SWIFT_EMIT_LOC_STRINGS = YES;
				SWIFT_VERSION = 5.0;
				TARGETED_DEVICE_FAMILY = "1,2";
			};
			name = Debug;
		};
		C5D3B1EA29D0F99A000EED33 /* Release */ = {
			isa = XCBuildConfiguration;
			buildSettings = {
				ASSETCATALOG_COMPILER_APPICON_NAME = AppIcon;
				ASSETCATALOG_COMPILER_GLOBAL_ACCENT_COLOR_NAME = AccentColor;
				CODE_SIGN_STYLE = Automatic;
				CURRENT_PROJECT_VERSION = 1;
				DEVELOPMENT_ASSET_PATHS = "\"TooDoo/Preview Content\"";
				ENABLE_PREVIEWS = YES;
				GENERATE_INFOPLIST_FILE = YES;
				INFOPLIST_KEY_UIApplicationSceneManifest_Generation = YES;
				INFOPLIST_KEY_UIApplicationSupportsIndirectInputEvents = YES;
				INFOPLIST_KEY_UILaunchScreen_Generation = YES;
				INFOPLIST_KEY_UISupportedInterfaceOrientations_iPad = "UIInterfaceOrientationPortrait UIInterfaceOrientationPortraitUpsideDown UIInterfaceOrientationLandscapeLeft UIInterfaceOrientationLandscapeRight";
				INFOPLIST_KEY_UISupportedInterfaceOrientations_iPhone = "UIInterfaceOrientationPortrait UIInterfaceOrientationLandscapeLeft UIInterfaceOrientationLandscapeRight";
				LD_RUNPATH_SEARCH_PATHS = (
					"$(inherited)",
					"@executable_path/Frameworks",
				);
				MARKETING_VERSION = 1.0;
				PRODUCT_BUNDLE_IDENTIFIER = "gbc.comp3097.David-Pinto.TooDoo";
				PRODUCT_NAME = "$(TARGET_NAME)";
				SWIFT_EMIT_LOC_STRINGS = YES;
				SWIFT_VERSION = 5.0;
				TARGETED_DEVICE_FAMILY = "1,2";
			};
			name = Release;
		};
/* End XCBuildConfiguration section */

/* Begin XCConfigurationList section */
		C5D3B1D529D0F998000EED33 /* Build configuration list for PBXProject "TooDoo" */ = {
			isa = XCConfigurationList;
			buildConfigurations = (
				C5D3B1E629D0F99A000EED33 /* Debug */,
				C5D3B1E729D0F99A000EED33 /* Release */,
			);
			defaultConfigurationIsVisible = 0;
			defaultConfigurationName = Release;
		};
		C5D3B1E829D0F99A000EED33 /* Build configuration list for PBXNativeTarget "TooDoo" */ = {
			isa = XCConfigurationList;
			buildConfigurations = (
				C5D3B1E929D0F99A000EED33 /* Debug */,
				C5D3B1EA29D0F99A000EED33 /* Release */,
			);
			defaultConfigurationIsVisible = 0;
			defaultConfigurationName = Release;
		};
/* End XCConfigurationList section */
	};
	rootObject = C5D3B1D229D0F998000EED33 /* Project object */;
}
